lockfileVersion: '6.0'

settings:
  autoInstallPeers: true
  excludeLinksFromLockfile: false

dependencies:
  global:
    specifier: ^4.4.0
    version: 4.4.0
  nvm:
    specifier: ^0.0.4
    version: 0.0.4

packages:

  /dom-walk@0.1.2:
    resolution: {integrity: sha512-6QvTW9mrGeIegrFXdtQi9pk7O/nSK6lSdXW2eqUspN5LWD7UTji2Fqw5V2YLjBpHEoU9Xl/eUWNpDeZvoyOv2w==, tarball: https://registry.npmjs.org/dom-walk/-/dom-walk-0.1.2.tgz}
    dev: false

  /global@4.4.0:
    resolution: {integrity: sha512-wv/LAoHdRE3BeTGz53FAamhGlPLhlssK45usmGFThIi4XqnBmjKQ16u+RNbP7WvigRZDxUsM0J3gcQ5yicaL0w==, tarball: https://registry.npmjs.org/global/-/global-4.4.0.tgz}
    dependencies:
      min-document: 2.19.0
      process: 0.11.10
    dev: false

  /min-document@2.19.0:
    resolution: {integrity: sha512-9Wy1B3m3f66bPPmU5hdA4DR4PB2OfDU/+GS3yAB7IQozE3tqXaVv2zOjgla7MEGSRv95+ILmOuvhLkOK6wJtCQ==, tarball: https://registry.npmjs.org/min-document/-/min-document-2.19.0.tgz}
    dependencies:
      dom-walk: 0.1.2
    dev: false

  /nvm@0.0.4:
    resolution: {integrity: sha512-jvmyELykYcdyd0VCGY0E8Aqe5MngEasVvlPvrcJHbwBMUbVqa72mPdQuPzyTcykEtEx7jDrMY0QA5MoV+8EhgA==, tarball: https://registry.npmjs.org/nvm/-/nvm-0.0.4.tgz}
    deprecated: This is NOT the correct nvm. Visit https://nvm.sh and use the curl command to install it.
    hasBin: true
    dev: false

  /process@0.11.10:
    resolution: {integrity: sha512-cdGef/drWFoydD1JsMzuFf8100nZl+GT+yacc2bEced5f9Rjk4z+WtFUTBu9PhOi9j/jfmBPu0mMEY4wIdAF8A==, tarball: https://registry.npmjs.org/process/-/process-0.11.10.tgz}
    engines: {node: '>= 0.6.0'}
    dev: false
